
Microsoft Visual Studio Solution File, Format Version 12.00
# Visual Studio Version 17
VisualStudioVersion = 17.3.32901.215
MinimumVisualStudioVersion = 10.0.40219.1
Project("{9A19103F-16F7-4668-BE54-9A1E7A4F7556}") = "Project_67", "Project_67\Project_67.csproj", "{7F1519A1-204F-4E35-8FAE-C3748DED63EE}"
EndProject
Project("{9A19103F-16F7-4668-BE54-9A1E7A4F7556}") = "Project_68", "Project_68\Project_68.csproj", "{E2629741-41EB-4223-AB6E-D4DCF6C80DA6}"
EndProject
Project("{9A19103F-16F7-4668-BE54-9A1E7A4F7556}") = "Project_68_Library", "Project_68_Library\Project_68_Library.csproj", "{4FB02B47-32B6-4E2A-8868-06599FA34564}"
EndProject
Project("{9A19103F-16F7-4668-BE54-9A1E7A4F7556}") = "Project_69", "Project_69\Project_69.csproj", "{FA36318D-7DA7-4875-B99E-A0E03BC82AF2}"
EndProject
Project("{9A19103F-16F7-4668-BE54-9A1E7A4F7556}") = "Project_69_Library", "Project_69_Library\Project_69_Library.csproj", "{D6F91BD3-F9A8-47F0-8AEC-386CAE9B92ED}"
EndProject
Project("{9A19103F-16F7-4668-BE54-9A1E7A4F7556}") = "Project_70", "Project_70\Project_70.csproj", "{CEE818F8-AB60-47C9-9D09-71C87198CCBF}"
EndProject
Project("{9A19103F-16F7-4668-BE54-9A1E7A4F7556}") = "Project_70_Library", "Project_70_Library\Project_70_Library.csproj", "{83567B88-D39A-48AA-B714-FB6D61F4D862}"
EndProject
Project("{FAE04EC0-301F-11D3-BF4B-00C04F79EFBC}") = "Project_71", "Project_71\Project_71.csproj", "{4E95D5E9-8FFC-4B32-83D2-9741C9426AEB}"
EndProject
Project("{FAE04EC0-301F-11D3-BF4B-00C04F79EFBC}") = "Project_71_Library", "Project_71_Library\Project_71_Library.csproj", "{26A86A1A-078E-4D1F-93DE-9097D784665B}"
EndProject
Global
	GlobalSection(SolutionConfigurationPlatforms) = preSolution
		Debug|Any CPU = Debug|Any CPU
		Release|Any CPU = Release|Any CPU
	EndGlobalSection
	GlobalSection(ProjectConfigurationPlatforms) = postSolution
		{7F1519A1-204F-4E35-8FAE-C3748DED63EE}.Debug|Any CPU.ActiveCfg = Debug|Any CPU
		{7F1519A1-204F-4E35-8FAE-C3748DED63EE}.Debug|Any CPU.Build.0 = Debug|Any CPU
		{7F1519A1-204F-4E35-8FAE-C3748DED63EE}.Release|Any CPU.ActiveCfg = Release|Any CPU
		{7F1519A1-204F-4E35-8FAE-C3748DED63EE}.Release|Any CPU.Build.0 = Release|Any CPU
		{E2629741-41EB-4223-AB6E-D4DCF6C80DA6}.Debug|Any CPU.ActiveCfg = Debug|Any CPU
		{E2629741-41EB-4223-AB6E-D4DCF6C80DA6}.Debug|Any CPU.Build.0 = Debug|Any CPU
		{E2629741-41EB-4223-AB6E-D4DCF6C80DA6}.Release|Any CPU.ActiveCfg = Release|Any CPU
		{E2629741-41EB-4223-AB6E-D4DCF6C80DA6}.Release|Any CPU.Build.0 = Release|Any CPU
		{4FB02B47-32B6-4E2A-8868-06599FA34564}.Debug|Any CPU.ActiveCfg = Debug|Any CPU
		{4FB02B47-32B6-4E2A-8868-06599FA34564}.Debug|Any CPU.Build.0 = Debug|Any CPU
		{4FB02B47-32B6-4E2A-8868-06599FA34564}.Release|Any CPU.ActiveCfg = Release|Any CPU
		{4FB02B47-32B6-4E2A-8868-06599FA34564}.Release|Any CPU.Build.0 = Release|Any CPU
		{FA36318D-7DA7-4875-B99E-A0E03BC82AF2}.Debug|Any CPU.ActiveCfg = Debug|Any CPU
		{FA36318D-7DA7-4875-B99E-A0E03BC82AF2}.Debug|Any CPU.Build.0 = Debug|Any CPU
		{FA36318D-7DA7-4875-B99E-A0E03BC82AF2}.Release|Any CPU.ActiveCfg = Release|Any CPU
		{FA36318D-7DA7-4875-B99E-A0E03BC82AF2}.Release|Any CPU.Build.0 = Release|Any CPU
		{D6F91BD3-F9A8-47F0-8AEC-386CAE9B92ED}.Debug|Any CPU.ActiveCfg = Debug|Any CPU
		{D6F91BD3-F9A8-47F0-8AEC-386CAE9B92ED}.Debug|Any CPU.Build.0 = Debug|Any CPU
		{D6F91BD3-F9A8-47F0-8AEC-386CAE9B92ED}.Release|Any CPU.ActiveCfg = Release|Any CPU
		{D6F91BD3-F9A8-47F0-8AEC-386CAE9B92ED}.Release|Any CPU.Build.0 = Release|Any CPU
		{CEE818F8-AB60-47C9-9D09-71C87198CCBF}.Debug|Any CPU.ActiveCfg = Debug|Any CPU
		{CEE818F8-AB60-47C9-9D09-71C87198CCBF}.Debug|Any CPU.Build.0 = Debug|Any CPU
		{CEE818F8-AB60-47C9-9D09-71C87198CCBF}.Release|Any CPU.ActiveCfg = Release|Any CPU
		{CEE818F8-AB60-47C9-9D09-71C87198CCBF}.Release|Any CPU.Build.0 = Release|Any CPU
		{83567B88-D39A-48AA-B714-FB6D61F4D862}.Debug|Any CPU.ActiveCfg = Debug|Any CPU
		{83567B88-D39A-48AA-B714-FB6D61F4D862}.Debug|Any CPU.Build.0 = Debug|Any CPU
		{83567B88-D39A-48AA-B714-FB6D61F4D862}.Release|Any CPU.ActiveCfg = Release|Any CPU
		{83567B88-D39A-48AA-B714-FB6D61F4D862}.Release|Any CPU.Build.0 = Release|Any CPU
		{4E95D5E9-8FFC-4B32-83D2-9741C9426AEB}.Debug|Any CPU.ActiveCfg = Debug|Any CPU
		{4E95D5E9-8FFC-4B32-83D2-9741C9426AEB}.Debug|Any CPU.Build.0 = Debug|Any CPU
		{4E95D5E9-8FFC-4B32-83D2-9741C9426AEB}.Release|Any CPU.ActiveCfg = Release|Any CPU
		{4E95D5E9-8FFC-4B32-83D2-9741C9426AEB}.Release|Any CPU.Build.0 = Release|Any CPU
		{26A86A1A-078E-4D1F-93DE-9097D784665B}.Debug|Any CPU.ActiveCfg = Debug|Any CPU
		{26A86A1A-078E-4D1F-93DE-9097D784665B}.Debug|Any CPU.Build.0 = Debug|Any CPU
		{26A86A1A-078E-4D1F-93DE-9097D784665B}.Release|Any CPU.ActiveCfg = Release|Any CPU
		{26A86A1A-078E-4D1F-93DE-9097D784665B}.Release|Any CPU.Build.0 = Release|Any CPU
	EndGlobalSection
	GlobalSection(SolutionProperties) = preSolution
		HideSolutionNode = FALSE
	EndGlobalSection
	GlobalSection(ExtensibilityGlobals) = postSolution
		SolutionGuid = {9D519564-8835-4442-9C3A-EABBB8D1393A}
	EndGlobalSection
EndGlobal
