
Microsoft Visual Studio Solution File, Format Version 12.00
# Visual Studio Version 17
VisualStudioVersion = 17.3.32901.215
MinimumVisualStudioVersion = 10.0.40219.1
Project("{9A19103F-16F7-4668-BE54-9A1E7A4F7556}") = "Project_67", "Project_67\Project_67.csproj", "{7F1519A1-204F-4E35-8FAE-C3748DED63EE}"
EndProject
Project("{9A19103F-16F7-4668-BE54-9A1E7A4F7556}") = "Project_68", "Project_68\Project_68.csproj", "{E2629741-41EB-4223-AB6E-D4DCF6C80DA6}"
EndProject
Project("{FAE04EC0-301F-11D3-BF4B-00C04F79EFBC}") = "Project_68_Library", "Porject_68_Library\Project_68_Library.csproj", "{4FB02B47-32B6-4E2A-8868-06599FA34564}"
EndProject
Global
	GlobalSection(SolutionConfigurationPlatforms) = preSolution
		Debug|Any CPU = Debug|Any CPU
		Release|Any CPU = Release|Any CPU
	EndGlobalSection
	GlobalSection(ProjectConfigurationPlatforms) = postSolution
		{7F1519A1-204F-4E35-8FAE-C3748DED63EE}.Debug|Any CPU.ActiveCfg = Debug|Any CPU
		{7F1519A1-204F-4E35-8FAE-C3748DED63EE}.Debug|Any CPU.Build.0 = Debug|Any CPU
		{7F1519A1-204F-4E35-8FAE-C3748DED63EE}.Release|Any CPU.ActiveCfg = Release|Any CPU
		{7F1519A1-204F-4E35-8FAE-C3748DED63EE}.Release|Any CPU.Build.0 = Release|Any CPU
		{E2629741-41EB-4223-AB6E-D4DCF6C80DA6}.Debug|Any CPU.ActiveCfg = Debug|Any CPU
		{E2629741-41EB-4223-AB6E-D4DCF6C80DA6}.Debug|Any CPU.Build.0 = Debug|Any CPU
		{E2629741-41EB-4223-AB6E-D4DCF6C80DA6}.Release|Any CPU.ActiveCfg = Release|Any CPU
		{E2629741-41EB-4223-AB6E-D4DCF6C80DA6}.Release|Any CPU.Build.0 = Release|Any CPU
		{4FB02B47-32B6-4E2A-8868-06599FA34564}.Debug|Any CPU.ActiveCfg = Debug|Any CPU
		{4FB02B47-32B6-4E2A-8868-06599FA34564}.Debug|Any CPU.Build.0 = Debug|Any CPU
		{4FB02B47-32B6-4E2A-8868-06599FA34564}.Release|Any CPU.ActiveCfg = Release|Any CPU
		{4FB02B47-32B6-4E2A-8868-06599FA34564}.Release|Any CPU.Build.0 = Release|Any CPU
	EndGlobalSection
	GlobalSection(SolutionProperties) = preSolution
		HideSolutionNode = FALSE
	EndGlobalSection
	GlobalSection(ExtensibilityGlobals) = postSolution
		SolutionGuid = {9D519564-8835-4442-9C3A-EABBB8D1393A}
	EndGlobalSection
EndGlobal
